
Microsoft Visual Studio Solution File, Format Version 12.00
# Visual Studio Version 16
VisualStudioVersion = 16.0.30523.141
MinimumVisualStudioVersion = 10.0.40219.1
Project("{FAE04EC0-301F-11D3-BF4B-00C04F79EFBC}") = "Ejercicio_08-10-20", "Ejercicio_08-10-20\Ejercicio_08-10-20.csproj", "{2329182E-1AE8-489A-813A-0580DAE24395}"
EndProject
Global
	GlobalSection(SolutionConfigurationPlatforms) = preSolution
		Debug|Any CPU = Debug|Any CPU
		Release|Any CPU = Release|Any CPU
	EndGlobalSection
	GlobalSection(ProjectConfigurationPlatforms) = postSolution
		{2329182E-1AE8-489A-813A-0580DAE24395}.Debug|Any CPU.ActiveCfg = Debug|Any CPU
		{2329182E-1AE8-489A-813A-0580DAE24395}.Debug|Any CPU.Build.0 = Debug|Any CPU
		{2329182E-1AE8-489A-813A-0580DAE24395}.Release|Any CPU.ActiveCfg = Release|Any CPU
		{2329182E-1AE8-489A-813A-0580DAE24395}.Release|Any CPU.Build.0 = Release|Any CPU
	EndGlobalSection
	GlobalSection(SolutionProperties) = preSolution
		HideSolutionNode = FALSE
	EndGlobalSection
	GlobalSection(ExtensibilityGlobals) = postSolution
		SolutionGuid = {581085BD-1E0B-4E5B-8BE6-8EED3D4C1CAC}
	EndGlobalSection
EndGlobal
