
Microsoft Visual Studio Solution File, Format Version 12.00
# Visual Studio Version 16
VisualStudioVersion = 16.0.29613.14
MinimumVisualStudioVersion = 10.0.40219.1
Project("{FAE04EC0-301F-11D3-BF4B-00C04F79EFBC}") = "Ej2_MatrizCuadrada", "Ej2_MatrizCuadrada.csproj", "{4A513F22-FF58-402D-8F92-3D703F21EA16}"
EndProject
Global
	GlobalSection(SolutionConfigurationPlatforms) = preSolution
		Debug|Any CPU = Debug|Any CPU
		Release|Any CPU = Release|Any CPU
	EndGlobalSection
	GlobalSection(ProjectConfigurationPlatforms) = postSolution
		{4A513F22-FF58-402D-8F92-3D703F21EA16}.Debug|Any CPU.ActiveCfg = Debug|Any CPU
		{4A513F22-FF58-402D-8F92-3D703F21EA16}.Debug|Any CPU.Build.0 = Debug|Any CPU
		{4A513F22-FF58-402D-8F92-3D703F21EA16}.Release|Any CPU.ActiveCfg = Release|Any CPU
		{4A513F22-FF58-402D-8F92-3D703F21EA16}.Release|Any CPU.Build.0 = Release|Any CPU
	EndGlobalSection
	GlobalSection(SolutionProperties) = preSolution
		HideSolutionNode = FALSE
	EndGlobalSection
	GlobalSection(ExtensibilityGlobals) = postSolution
		SolutionGuid = {EF99D9A4-7309-46FE-BDA2-C4EF4A3E6824}
	EndGlobalSection
EndGlobal
