
Microsoft Visual Studio Solution File, Format Version 12.00
# Visual Studio Version 16
VisualStudioVersion = 16.0.30517.126
MinimumVisualStudioVersion = 10.0.40219.1
Project("{FAE04EC0-301F-11D3-BF4B-00C04F79EFBC}") = "Matrices", "Matrices\Matrices.csproj", "{4C927512-B2B3-4905-A096-B11E0B71F44B}"
EndProject
Global
	GlobalSection(SolutionConfigurationPlatforms) = preSolution
		Debug|Any CPU = Debug|Any CPU
		Release|Any CPU = Release|Any CPU
	EndGlobalSection
	GlobalSection(ProjectConfigurationPlatforms) = postSolution
		{4C927512-B2B3-4905-A096-B11E0B71F44B}.Debug|Any CPU.ActiveCfg = Debug|Any CPU
		{4C927512-B2B3-4905-A096-B11E0B71F44B}.Debug|Any CPU.Build.0 = Debug|Any CPU
		{4C927512-B2B3-4905-A096-B11E0B71F44B}.Release|Any CPU.ActiveCfg = Release|Any CPU
		{4C927512-B2B3-4905-A096-B11E0B71F44B}.Release|Any CPU.Build.0 = Release|Any CPU
	EndGlobalSection
	GlobalSection(SolutionProperties) = preSolution
		HideSolutionNode = FALSE
	EndGlobalSection
	GlobalSection(ExtensibilityGlobals) = postSolution
		SolutionGuid = {ED6FF58F-97CF-4A81-A52D-DFE6567664EB}
	EndGlobalSection
EndGlobal
