
Microsoft Visual Studio Solution File, Format Version 12.00
# Visual Studio Version 16
VisualStudioVersion = 16.0.30517.126
MinimumVisualStudioVersion = 10.0.40219.1
Project("{FAE04EC0-301F-11D3-BF4B-00C04F79EFBC}") = "Test", "Test\Test.csproj", "{33542D32-A3A1-4D95-8C49-2D8A1D1461DD}"
EndProject
Global
	GlobalSection(SolutionConfigurationPlatforms) = preSolution
		Debug|Any CPU = Debug|Any CPU
		Release|Any CPU = Release|Any CPU
	EndGlobalSection
	GlobalSection(ProjectConfigurationPlatforms) = postSolution
		{33542D32-A3A1-4D95-8C49-2D8A1D1461DD}.Debug|Any CPU.ActiveCfg = Debug|Any CPU
		{33542D32-A3A1-4D95-8C49-2D8A1D1461DD}.Debug|Any CPU.Build.0 = Debug|Any CPU
		{33542D32-A3A1-4D95-8C49-2D8A1D1461DD}.Release|Any CPU.ActiveCfg = Release|Any CPU
		{33542D32-A3A1-4D95-8C49-2D8A1D1461DD}.Release|Any CPU.Build.0 = Release|Any CPU
	EndGlobalSection
	GlobalSection(SolutionProperties) = preSolution
		HideSolutionNode = FALSE
	EndGlobalSection
	GlobalSection(ExtensibilityGlobals) = postSolution
		SolutionGuid = {C37134BE-C63D-47E9-AC98-9AE07F3C3DBC}
	EndGlobalSection
EndGlobal
