
Microsoft Visual Studio Solution File, Format Version 12.00
# Visual Studio Version 16
VisualStudioVersion = 16.0.30517.126
MinimumVisualStudioVersion = 10.0.40219.1
Project("{FAE04EC0-301F-11D3-BF4B-00C04F79EFBC}") = "Ejercicio_Struct_Aulas", "Ejercicio_Struct_Aulas\Ejercicio_Struct_Aulas.csproj", "{6DDA709A-5C0C-42AA-AE48-CFEF91196D36}"
EndProject
Global
	GlobalSection(SolutionConfigurationPlatforms) = preSolution
		Debug|Any CPU = Debug|Any CPU
		Release|Any CPU = Release|Any CPU
	EndGlobalSection
	GlobalSection(ProjectConfigurationPlatforms) = postSolution
		{6DDA709A-5C0C-42AA-AE48-CFEF91196D36}.Debug|Any CPU.ActiveCfg = Debug|Any CPU
		{6DDA709A-5C0C-42AA-AE48-CFEF91196D36}.Debug|Any CPU.Build.0 = Debug|Any CPU
		{6DDA709A-5C0C-42AA-AE48-CFEF91196D36}.Release|Any CPU.ActiveCfg = Release|Any CPU
		{6DDA709A-5C0C-42AA-AE48-CFEF91196D36}.Release|Any CPU.Build.0 = Release|Any CPU
	EndGlobalSection
	GlobalSection(SolutionProperties) = preSolution
		HideSolutionNode = FALSE
	EndGlobalSection
	GlobalSection(ExtensibilityGlobals) = postSolution
		SolutionGuid = {C0AF25AD-99EC-4DAD-9F32-0B6620C87DFE}
	EndGlobalSection
EndGlobal
